// !$*UTF8*$!
{
	archiveVersion = 1;
	classes = {
	};
	objectVersion = 56;
	objects = {

/* Begin PBXBuildFile section */
		289AFE3F2B74489B0027FB84 /* ColoredButton.swift in Sources */ = {isa = PBXBuildFile; fileRef = 289AFE3E2B74489B0027FB84 /* ColoredButton.swift */; };
		289AFE412B7577A00027FB84 /* SignUp.swift in Sources */ = {isa = PBXBuildFile; fileRef = 289AFE402B7577A00027FB84 /* SignUp.swift */; };
		289AFE472B7D4A680027FB84 /* Restaurants.swift in Sources */ = {isa = PBXBuildFile; fileRef = 289AFE462B7D4A680027FB84 /* Restaurants.swift */; };
		289AFE4B2B7D8A6D0027FB84 /* RestaurantModal.swift in Sources */ = {isa = PBXBuildFile; fileRef = 289AFE4A2B7D8A6D0027FB84 /* RestaurantModal.swift */; };
		289AFE4D2B7DAEFA0027FB84 /* Diet.swift in Sources */ = {isa = PBXBuildFile; fileRef = 289AFE4C2B7DAEFA0027FB84 /* Diet.swift */; };
		289AFE4F2B7DB2C30027FB84 /* RestaurantDetails.swift in Sources */ = {isa = PBXBuildFile; fileRef = 289AFE4E2B7DB2C30027FB84 /* RestaurantDetails.swift */; };
		289AFE512B8138160027FB84 /* Searchbar.swift in Sources */ = {isa = PBXBuildFile; fileRef = 289AFE502B8138160027FB84 /* Searchbar.swift */; };
		289AFE532B8139670027FB84 /* TopBar.swift in Sources */ = {isa = PBXBuildFile; fileRef = 289AFE522B8139670027FB84 /* TopBar.swift */; };
		289AFE562B81764A0027FB84 /* Recipes.swift in Sources */ = {isa = PBXBuildFile; fileRef = 289AFE552B81764A0027FB84 /* Recipes.swift */; };
		289AFE582B817BBA0027FB84 /* RecipeModal.swift in Sources */ = {isa = PBXBuildFile; fileRef = 289AFE572B817BBA0027FB84 /* RecipeModal.swift */; };
		289AFE5A2B817BDA0027FB84 /* RecipeDetails.swift in Sources */ = {isa = PBXBuildFile; fileRef = 289AFE592B817BDA0027FB84 /* RecipeDetails.swift */; };
		28B608292B7181B900829229 /* WellnessHub_AppApp.swift in Sources */ = {isa = PBXBuildFile; fileRef = 28B608282B7181B900829229 /* WellnessHub_AppApp.swift */; };
		28B6082B2B7181B900829229 /* ContentView.swift in Sources */ = {isa = PBXBuildFile; fileRef = 28B6082A2B7181B900829229 /* ContentView.swift */; };
		28B6082D2B7181BB00829229 /* Assets.xcassets in Resources */ = {isa = PBXBuildFile; fileRef = 28B6082C2B7181BB00829229 /* Assets.xcassets */; };
		28B608302B7181BB00829229 /* Preview Assets.xcassets in Resources */ = {isa = PBXBuildFile; fileRef = 28B6082F2B7181BB00829229 /* Preview Assets.xcassets */; };
		28B6083F2B732A0800829229 /* Home.swift in Sources */ = {isa = PBXBuildFile; fileRef = 28B6083E2B732A0800829229 /* Home.swift */; };
		28B608422B732D3600829229 /* DropDownComponent.swift in Sources */ = {isa = PBXBuildFile; fileRef = 28B608412B732D3600829229 /* DropDownComponent.swift */; };
		28B6084B2B73386D00829229 /* LogIn.swift in Sources */ = {isa = PBXBuildFile; fileRef = 28B6084A2B73386D00829229 /* LogIn.swift */; };
		28B6084E2B733B4C00829229 /* Extensions.swift in Sources */ = {isa = PBXBuildFile; fileRef = 28B6084D2B733B4C00829229 /* Extensions.swift */; };
		28B608502B7428AF00829229 /* CustomTextField.swift in Sources */ = {isa = PBXBuildFile; fileRef = 28B6084F2B7428AF00829229 /* CustomTextField.swift */; };
/* End PBXBuildFile section */

/* Begin PBXFileReference section */
		289AFE3E2B74489B0027FB84 /* ColoredButton.swift */ = {isa = PBXFileReference; lastKnownFileType = sourcecode.swift; path = ColoredButton.swift; sourceTree = "<group>"; };
		289AFE402B7577A00027FB84 /* SignUp.swift */ = {isa = PBXFileReference; lastKnownFileType = sourcecode.swift; path = SignUp.swift; sourceTree = "<group>"; };
		289AFE462B7D4A680027FB84 /* Restaurants.swift */ = {isa = PBXFileReference; lastKnownFileType = sourcecode.swift; path = Restaurants.swift; sourceTree = "<group>"; };
		289AFE4A2B7D8A6D0027FB84 /* RestaurantModal.swift */ = {isa = PBXFileReference; lastKnownFileType = sourcecode.swift; path = RestaurantModal.swift; sourceTree = "<group>"; };
		289AFE4C2B7DAEFA0027FB84 /* Diet.swift */ = {isa = PBXFileReference; lastKnownFileType = sourcecode.swift; path = Diet.swift; sourceTree = "<group>"; };
		289AFE4E2B7DB2C30027FB84 /* RestaurantDetails.swift */ = {isa = PBXFileReference; lastKnownFileType = sourcecode.swift; path = RestaurantDetails.swift; sourceTree = "<group>"; };
		289AFE502B8138160027FB84 /* Searchbar.swift */ = {isa = PBXFileReference; lastKnownFileType = sourcecode.swift; path = Searchbar.swift; sourceTree = "<group>"; };
		289AFE522B8139670027FB84 /* TopBar.swift */ = {isa = PBXFileReference; lastKnownFileType = sourcecode.swift; path = TopBar.swift; sourceTree = "<group>"; };
		289AFE552B81764A0027FB84 /* Recipes.swift */ = {isa = PBXFileReference; lastKnownFileType = sourcecode.swift; path = Recipes.swift; sourceTree = "<group>"; };
		289AFE572B817BBA0027FB84 /* RecipeModal.swift */ = {isa = PBXFileReference; lastKnownFileType = sourcecode.swift; path = RecipeModal.swift; sourceTree = "<group>"; };
		289AFE592B817BDA0027FB84 /* RecipeDetails.swift */ = {isa = PBXFileReference; lastKnownFileType = sourcecode.swift; path = RecipeDetails.swift; sourceTree = "<group>"; };
		28B608252B7181B900829229 /* WellnessHub App.app */ = {isa = PBXFileReference; explicitFileType = wrapper.application; includeInIndex = 0; path = "WellnessHub App.app"; sourceTree = BUILT_PRODUCTS_DIR; };
		28B608282B7181B900829229 /* WellnessHub_AppApp.swift */ = {isa = PBXFileReference; lastKnownFileType = sourcecode.swift; path = WellnessHub_AppApp.swift; sourceTree = "<group>"; };
		28B6082A2B7181B900829229 /* ContentView.swift */ = {isa = PBXFileReference; lastKnownFileType = sourcecode.swift; path = ContentView.swift; sourceTree = "<group>"; };
		28B6082C2B7181BB00829229 /* Assets.xcassets */ = {isa = PBXFileReference; lastKnownFileType = folder.assetcatalog; path = Assets.xcassets; sourceTree = "<group>"; };
		28B6082F2B7181BB00829229 /* Preview Assets.xcassets */ = {isa = PBXFileReference; lastKnownFileType = folder.assetcatalog; path = "Preview Assets.xcassets"; sourceTree = "<group>"; };
		28B6083E2B732A0800829229 /* Home.swift */ = {isa = PBXFileReference; lastKnownFileType = sourcecode.swift; path = Home.swift; sourceTree = "<group>"; };
		28B608412B732D3600829229 /* DropDownComponent.swift */ = {isa = PBXFileReference; lastKnownFileType = sourcecode.swift; path = DropDownComponent.swift; sourceTree = "<group>"; };
		28B6084A2B73386D00829229 /* LogIn.swift */ = {isa = PBXFileReference; lastKnownFileType = sourcecode.swift; path = LogIn.swift; sourceTree = "<group>"; };
		28B6084D2B733B4C00829229 /* Extensions.swift */ = {isa = PBXFileReference; lastKnownFileType = sourcecode.swift; path = Extensions.swift; sourceTree = "<group>"; };
		28B6084F2B7428AF00829229 /* CustomTextField.swift */ = {isa = PBXFileReference; lastKnownFileType = sourcecode.swift; path = CustomTextField.swift; sourceTree = "<group>"; };
/* End PBXFileReference section */

/* Begin PBXFrameworksBuildPhase section */
		28B608222B7181B900829229 /* Frameworks */ = {
			isa = PBXFrameworksBuildPhase;
			buildActionMask = 2147483647;
			files = (
			);
			runOnlyForDeploymentPostprocessing = 0;
		};
/* End PBXFrameworksBuildPhase section */

/* Begin PBXGroup section */
		289AFE442B7D4A270027FB84 /* Diet */ = {
			isa = PBXGroup;
			children = (
				289AFE542B81761F0027FB84 /* Recipes */,
				289AFE452B7D4A3E0027FB84 /* Restaurants */,
				289AFE4C2B7DAEFA0027FB84 /* Diet.swift */,
			);
			path = Diet;
			sourceTree = "<group>";
		};
		289AFE452B7D4A3E0027FB84 /* Restaurants */ = {
			isa = PBXGroup;
			children = (
				289AFE462B7D4A680027FB84 /* Restaurants.swift */,
				289AFE4A2B7D8A6D0027FB84 /* RestaurantModal.swift */,
				289AFE4E2B7DB2C30027FB84 /* RestaurantDetails.swift */,
				289AFE502B8138160027FB84 /* Searchbar.swift */,
				289AFE522B8139670027FB84 /* TopBar.swift */,
			);
			path = Restaurants;
			sourceTree = "<group>";
		};
		289AFE542B81761F0027FB84 /* Recipes */ = {
			isa = PBXGroup;
			children = (
				289AFE552B81764A0027FB84 /* Recipes.swift */,
				289AFE572B817BBA0027FB84 /* RecipeModal.swift */,
				289AFE592B817BDA0027FB84 /* RecipeDetails.swift */,
			);
			path = Recipes;
			sourceTree = "<group>";
		};
		28B6081C2B7181B900829229 = {
			isa = PBXGroup;
			children = (
				28B608272B7181B900829229 /* WellnessHub App */,
				28B608262B7181B900829229 /* Products */,
			);
			sourceTree = "<group>";
		};
		28B608262B7181B900829229 /* Products */ = {
			isa = PBXGroup;
			children = (
				28B608252B7181B900829229 /* WellnessHub App.app */,
			);
			name = Products;
			sourceTree = "<group>";
		};
		28B608272B7181B900829229 /* WellnessHub App */ = {
			isa = PBXGroup;
			children = (
				289AFE442B7D4A270027FB84 /* Diet */,
				28B6084C2B733B1700829229 /* Helpers */,
				28B608492B73385100829229 /* LogIn_SignUp */,
				28B608402B732D1500829229 /* Home */,
				28B608282B7181B900829229 /* WellnessHub_AppApp.swift */,
				28B6082A2B7181B900829229 /* ContentView.swift */,
				28B6082C2B7181BB00829229 /* Assets.xcassets */,
				28B6082E2B7181BB00829229 /* Preview Content */,
			);
			path = "WellnessHub App";
			sourceTree = "<group>";
		};
		28B6082E2B7181BB00829229 /* Preview Content */ = {
			isa = PBXGroup;
			children = (
				28B6082F2B7181BB00829229 /* Preview Assets.xcassets */,
			);
			path = "Preview Content";
			sourceTree = "<group>";
		};
		28B608402B732D1500829229 /* Home */ = {
			isa = PBXGroup;
			children = (
				28B6083E2B732A0800829229 /* Home.swift */,
				28B608412B732D3600829229 /* DropDownComponent.swift */,
			);
			path = Home;
			sourceTree = "<group>";
		};
		28B608492B73385100829229 /* LogIn_SignUp */ = {
			isa = PBXGroup;
			children = (
				28B6084A2B73386D00829229 /* LogIn.swift */,
				28B6084F2B7428AF00829229 /* CustomTextField.swift */,
				289AFE3E2B74489B0027FB84 /* ColoredButton.swift */,
				289AFE402B7577A00027FB84 /* SignUp.swift */,
			);
			path = LogIn_SignUp;
			sourceTree = "<group>";
		};
		28B6084C2B733B1700829229 /* Helpers */ = {
			isa = PBXGroup;
			children = (
				28B6084D2B733B4C00829229 /* Extensions.swift */,
			);
			path = Helpers;
			sourceTree = "<group>";
		};
/* End PBXGroup section */

/* Begin PBXNativeTarget section */
		28B608242B7181B900829229 /* WellnessHub App */ = {
			isa = PBXNativeTarget;
			buildConfigurationList = 28B608332B7181BB00829229 /* Build configuration list for PBXNativeTarget "WellnessHub App" */;
			buildPhases = (
				28B608212B7181B900829229 /* Sources */,
				28B608222B7181B900829229 /* Frameworks */,
				28B608232B7181B900829229 /* Resources */,
			);
			buildRules = (
			);
			dependencies = (
			);
			name = "WellnessHub App";
			productName = "WellnessHub App";
			productReference = 28B608252B7181B900829229 /* WellnessHub App.app */;
			productType = "com.apple.product-type.application";
		};
/* End PBXNativeTarget section */

/* Begin PBXProject section */
		28B6081D2B7181B900829229 /* Project object */ = {
			isa = PBXProject;
			attributes = {
				BuildIndependentTargetsInParallel = 1;
				LastSwiftUpdateCheck = 1520;
				LastUpgradeCheck = 1520;
				TargetAttributes = {
					28B608242B7181B900829229 = {
						CreatedOnToolsVersion = 15.2;
					};
				};
			};
			buildConfigurationList = 28B608202B7181B900829229 /* Build configuration list for PBXProject "WellnessHub App" */;
			compatibilityVersion = "Xcode 14.0";
			developmentRegion = en;
			hasScannedForEncodings = 0;
			knownRegions = (
				en,
				Base,
			);
			mainGroup = 28B6081C2B7181B900829229;
			productRefGroup = 28B608262B7181B900829229 /* Products */;
			projectDirPath = "";
			projectRoot = "";
			targets = (
				28B608242B7181B900829229 /* WellnessHub App */,
			);
		};
/* End PBXProject section */

/* Begin PBXResourcesBuildPhase section */
		28B608232B7181B900829229 /* Resources */ = {
			isa = PBXResourcesBuildPhase;
			buildActionMask = 2147483647;
			files = (
				28B608302B7181BB00829229 /* Preview Assets.xcassets in Resources */,
				28B6082D2B7181BB00829229 /* Assets.xcassets in Resources */,
			);
			runOnlyForDeploymentPostprocessing = 0;
		};
/* End PBXResourcesBuildPhase section */

/* Begin PBXSourcesBuildPhase section */
		28B608212B7181B900829229 /* Sources */ = {
			isa = PBXSourcesBuildPhase;
			buildActionMask = 2147483647;
			files = (
				289AFE4B2B7D8A6D0027FB84 /* RestaurantModal.swift in Sources */,
				289AFE472B7D4A680027FB84 /* Restaurants.swift in Sources */,
				289AFE4F2B7DB2C30027FB84 /* RestaurantDetails.swift in Sources */,
				289AFE562B81764A0027FB84 /* Recipes.swift in Sources */,
				28B608502B7428AF00829229 /* CustomTextField.swift in Sources */,
				289AFE582B817BBA0027FB84 /* RecipeModal.swift in Sources */,
				289AFE5A2B817BDA0027FB84 /* RecipeDetails.swift in Sources */,
				289AFE4D2B7DAEFA0027FB84 /* Diet.swift in Sources */,
				289AFE3F2B74489B0027FB84 /* ColoredButton.swift in Sources */,
				28B6084B2B73386D00829229 /* LogIn.swift in Sources */,
				289AFE532B8139670027FB84 /* TopBar.swift in Sources */,
				28B6084E2B733B4C00829229 /* Extensions.swift in Sources */,
				28B6083F2B732A0800829229 /* Home.swift in Sources */,
				28B608422B732D3600829229 /* DropDownComponent.swift in Sources */,
				28B6082B2B7181B900829229 /* ContentView.swift in Sources */,
				289AFE512B8138160027FB84 /* Searchbar.swift in Sources */,
				289AFE412B7577A00027FB84 /* SignUp.swift in Sources */,
				28B608292B7181B900829229 /* WellnessHub_AppApp.swift in Sources */,
			);
			runOnlyForDeploymentPostprocessing = 0;
		};
/* End PBXSourcesBuildPhase section */

/* Begin XCBuildConfiguration section */
		28B608312B7181BB00829229 /* Debug */ = {
			isa = XCBuildConfiguration;
			buildSettings = {
				ALWAYS_SEARCH_USER_PATHS = NO;
				ASSETCATALOG_COMPILER_GENERATE_SWIFT_ASSET_SYMBOL_EXTENSIONS = YES;
				CLANG_ANALYZER_NONNULL = YES;
				CLANG_ANALYZER_NUMBER_OBJECT_CONVERSION = YES_AGGRESSIVE;
				CLANG_CXX_LANGUAGE_STANDARD = "gnu++20";
				CLANG_ENABLE_MODULES = YES;
				CLANG_ENABLE_OBJC_ARC = YES;
				CLANG_ENABLE_OBJC_WEAK = YES;
				CLANG_WARN_BLOCK_CAPTURE_AUTORELEASING = YES;
				CLANG_WARN_BOOL_CONVERSION = YES;
				CLANG_WARN_COMMA = YES;
				CLANG_WARN_CONSTANT_CONVERSION = YES;
				CLANG_WARN_DEPRECATED_OBJC_IMPLEMENTATIONS = YES;
				CLANG_WARN_DIRECT_OBJC_ISA_USAGE = YES_ERROR;
				CLANG_WARN_DOCUMENTATION_COMMENTS = YES;
				CLANG_WARN_EMPTY_BODY = YES;
				CLANG_WARN_ENUM_CONVERSION = YES;
				CLANG_WARN_INFINITE_RECURSION = YES;
				CLANG_WARN_INT_CONVERSION = YES;
				CLANG_WARN_NON_LITERAL_NULL_CONVERSION = YES;
				CLANG_WARN_OBJC_IMPLICIT_RETAIN_SELF = YES;
				CLANG_WARN_OBJC_LITERAL_CONVERSION = YES;
				CLANG_WARN_OBJC_ROOT_CLASS = YES_ERROR;
				CLANG_WARN_QUOTED_INCLUDE_IN_FRAMEWORK_HEADER = YES;
				CLANG_WARN_RANGE_LOOP_ANALYSIS = YES;
				CLANG_WARN_STRICT_PROTOTYPES = YES;
				CLANG_WARN_SUSPICIOUS_MOVE = YES;
				CLANG_WARN_UNGUARDED_AVAILABILITY = YES_AGGRESSIVE;
				CLANG_WARN_UNREACHABLE_CODE = YES;
				CLANG_WARN__DUPLICATE_METHOD_MATCH = YES;
				COPY_PHASE_STRIP = NO;
				DEBUG_INFORMATION_FORMAT = dwarf;
				ENABLE_STRICT_OBJC_MSGSEND = YES;
				ENABLE_TESTABILITY = YES;
				ENABLE_USER_SCRIPT_SANDBOXING = YES;
				GCC_C_LANGUAGE_STANDARD = gnu17;
				GCC_DYNAMIC_NO_PIC = NO;
				GCC_NO_COMMON_BLOCKS = YES;
				GCC_OPTIMIZATION_LEVEL = 0;
				GCC_PREPROCESSOR_DEFINITIONS = (
					"DEBUG=1",
					"$(inherited)",
				);
				GCC_WARN_64_TO_32_BIT_CONVERSION = YES;
				GCC_WARN_ABOUT_RETURN_TYPE = YES_ERROR;
				GCC_WARN_UNDECLARED_SELECTOR = YES;
				GCC_WARN_UNINITIALIZED_AUTOS = YES_AGGRESSIVE;
				GCC_WARN_UNUSED_FUNCTION = YES;
				GCC_WARN_UNUSED_VARIABLE = YES;
				IPHONEOS_DEPLOYMENT_TARGET = 17.2;
				LOCALIZATION_PREFERS_STRING_CATALOGS = YES;
				MTL_ENABLE_DEBUG_INFO = INCLUDE_SOURCE;
				MTL_FAST_MATH = YES;
				ONLY_ACTIVE_ARCH = YES;
				SDKROOT = iphoneos;
				SWIFT_ACTIVE_COMPILATION_CONDITIONS = "DEBUG $(inherited)";
				SWIFT_OPTIMIZATION_LEVEL = "-Onone";
			};
			name = Debug;
		};
		28B608322B7181BB00829229 /* Release */ = {
			isa = XCBuildConfiguration;
			buildSettings = {
				ALWAYS_SEARCH_USER_PATHS = NO;
				ASSETCATALOG_COMPILER_GENERATE_SWIFT_ASSET_SYMBOL_EXTENSIONS = YES;
				CLANG_ANALYZER_NONNULL = YES;
				CLANG_ANALYZER_NUMBER_OBJECT_CONVERSION = YES_AGGRESSIVE;
				CLANG_CXX_LANGUAGE_STANDARD = "gnu++20";
				CLANG_ENABLE_MODULES = YES;
				CLANG_ENABLE_OBJC_ARC = YES;
				CLANG_ENABLE_OBJC_WEAK = YES;
				CLANG_WARN_BLOCK_CAPTURE_AUTORELEASING = YES;
				CLANG_WARN_BOOL_CONVERSION = YES;
				CLANG_WARN_COMMA = YES;
				CLANG_WARN_CONSTANT_CONVERSION = YES;
				CLANG_WARN_DEPRECATED_OBJC_IMPLEMENTATIONS = YES;
				CLANG_WARN_DIRECT_OBJC_ISA_USAGE = YES_ERROR;
				CLANG_WARN_DOCUMENTATION_COMMENTS = YES;
				CLANG_WARN_EMPTY_BODY = YES;
				CLANG_WARN_ENUM_CONVERSION = YES;
				CLANG_WARN_INFINITE_RECURSION = YES;
				CLANG_WARN_INT_CONVERSION = YES;
				CLANG_WARN_NON_LITERAL_NULL_CONVERSION = YES;
				CLANG_WARN_OBJC_IMPLICIT_RETAIN_SELF = YES;
				CLANG_WARN_OBJC_LITERAL_CONVERSION = YES;
				CLANG_WARN_OBJC_ROOT_CLASS = YES_ERROR;
				CLANG_WARN_QUOTED_INCLUDE_IN_FRAMEWORK_HEADER = YES;
				CLANG_WARN_RANGE_LOOP_ANALYSIS = YES;
				CLANG_WARN_STRICT_PROTOTYPES = YES;
				CLANG_WARN_SUSPICIOUS_MOVE = YES;
				CLANG_WARN_UNGUARDED_AVAILABILITY = YES_AGGRESSIVE;
				CLANG_WARN_UNREACHABLE_CODE = YES;
				CLANG_WARN__DUPLICATE_METHOD_MATCH = YES;
				COPY_PHASE_STRIP = NO;
				DEBUG_INFORMATION_FORMAT = "dwarf-with-dsym";
				ENABLE_NS_ASSERTIONS = NO;
				ENABLE_STRICT_OBJC_MSGSEND = YES;
				ENABLE_USER_SCRIPT_SANDBOXING = YES;
				GCC_C_LANGUAGE_STANDARD = gnu17;
				GCC_NO_COMMON_BLOCKS = YES;
				GCC_WARN_64_TO_32_BIT_CONVERSION = YES;
				GCC_WARN_ABOUT_RETURN_TYPE = YES_ERROR;
				GCC_WARN_UNDECLARED_SELECTOR = YES;
				GCC_WARN_UNINITIALIZED_AUTOS = YES_AGGRESSIVE;
				GCC_WARN_UNUSED_FUNCTION = YES;
				GCC_WARN_UNUSED_VARIABLE = YES;
				IPHONEOS_DEPLOYMENT_TARGET = 17.2;
				LOCALIZATION_PREFERS_STRING_CATALOGS = YES;
				MTL_ENABLE_DEBUG_INFO = NO;
				MTL_FAST_MATH = YES;
				SDKROOT = iphoneos;
				SWIFT_COMPILATION_MODE = wholemodule;
				VALIDATE_PRODUCT = YES;
			};
			name = Release;
		};
		28B608342B7181BB00829229 /* Debug */ = {
			isa = XCBuildConfiguration;
			buildSettings = {
				ASSETCATALOG_COMPILER_APPICON_NAME = AppIcon;
				ASSETCATALOG_COMPILER_GLOBAL_ACCENT_COLOR_NAME = AccentColor;
				CODE_SIGN_STYLE = Automatic;
				CURRENT_PROJECT_VERSION = 1;
				DEVELOPMENT_ASSET_PATHS = "\"WellnessHub App/Preview Content\"";
				ENABLE_PREVIEWS = YES;
				GENERATE_INFOPLIST_FILE = YES;
				INFOPLIST_KEY_UIApplicationSceneManifest_Generation = YES;
				INFOPLIST_KEY_UIApplicationSupportsIndirectInputEvents = YES;
				INFOPLIST_KEY_UILaunchScreen_Generation = YES;
				INFOPLIST_KEY_UISupportedInterfaceOrientations_iPad = "UIInterfaceOrientationPortrait UIInterfaceOrientationPortraitUpsideDown UIInterfaceOrientationLandscapeLeft UIInterfaceOrientationLandscapeRight";
				INFOPLIST_KEY_UISupportedInterfaceOrientations_iPhone = "UIInterfaceOrientationPortrait UIInterfaceOrientationLandscapeLeft UIInterfaceOrientationLandscapeRight";
				LD_RUNPATH_SEARCH_PATHS = (
					"$(inherited)",
					"@executable_path/Frameworks",
				);
				MARKETING_VERSION = 1.0;
				PRODUCT_BUNDLE_IDENTIFIER = "com.WellnessHub-App";
				PRODUCT_NAME = "$(TARGET_NAME)";
				SWIFT_EMIT_LOC_STRINGS = YES;
				SWIFT_VERSION = 5.0;
				TARGETED_DEVICE_FAMILY = 1;
			};
			name = Debug;
		};
		28B608352B7181BB00829229 /* Release */ = {
			isa = XCBuildConfiguration;
			buildSettings = {
				ASSETCATALOG_COMPILER_APPICON_NAME = AppIcon;
				ASSETCATALOG_COMPILER_GLOBAL_ACCENT_COLOR_NAME = AccentColor;
				CODE_SIGN_STYLE = Automatic;
				CURRENT_PROJECT_VERSION = 1;
				DEVELOPMENT_ASSET_PATHS = "\"WellnessHub App/Preview Content\"";
				ENABLE_PREVIEWS = YES;
				GENERATE_INFOPLIST_FILE = YES;
				INFOPLIST_KEY_UIApplicationSceneManifest_Generation = YES;
				INFOPLIST_KEY_UIApplicationSupportsIndirectInputEvents = YES;
				INFOPLIST_KEY_UILaunchScreen_Generation = YES;
				INFOPLIST_KEY_UISupportedInterfaceOrientations_iPad = "UIInterfaceOrientationPortrait UIInterfaceOrientationPortraitUpsideDown UIInterfaceOrientationLandscapeLeft UIInterfaceOrientationLandscapeRight";
				INFOPLIST_KEY_UISupportedInterfaceOrientations_iPhone = "UIInterfaceOrientationPortrait UIInterfaceOrientationLandscapeLeft UIInterfaceOrientationLandscapeRight";
				LD_RUNPATH_SEARCH_PATHS = (
					"$(inherited)",
					"@executable_path/Frameworks",
				);
				MARKETING_VERSION = 1.0;
				PRODUCT_BUNDLE_IDENTIFIER = "com.WellnessHub-App";
				PRODUCT_NAME = "$(TARGET_NAME)";
				SWIFT_EMIT_LOC_STRINGS = YES;
				SWIFT_VERSION = 5.0;
				TARGETED_DEVICE_FAMILY = 1;
			};
			name = Release;
		};
/* End XCBuildConfiguration section */

/* Begin XCConfigurationList section */
		28B608202B7181B900829229 /* Build configuration list for PBXProject "WellnessHub App" */ = {
			isa = XCConfigurationList;
			buildConfigurations = (
				28B608312B7181BB00829229 /* Debug */,
				28B608322B7181BB00829229 /* Release */,
			);
			defaultConfigurationIsVisible = 0;
			defaultConfigurationName = Release;
		};
		28B608332B7181BB00829229 /* Build configuration list for PBXNativeTarget "WellnessHub App" */ = {
			isa = XCConfigurationList;
			buildConfigurations = (
				28B608342B7181BB00829229 /* Debug */,
				28B608352B7181BB00829229 /* Release */,
			);
			defaultConfigurationIsVisible = 0;
			defaultConfigurationName = Release;
		};
/* End XCConfigurationList section */
	};
	rootObject = 28B6081D2B7181B900829229 /* Project object */;
}
